
Microsoft Visual Studio Solution File, Format Version 12.00
# Visual Studio 15
Project("{FAE04EC0-301F-11D3-BF4B-00C04F79EFBC}") = "Assembly-CSharp", "Assembly-CSharp.csproj", "{64F88A8F-0400-EB25-8016-02C81E5C5E87}"
EndProject
Global
	GlobalSection(SolutionConfigurationPlatforms) = preSolution
		Debug|Any CPU = Debug|Any CPU
		Release|Any CPU = Release|Any CPU
	EndGlobalSection
	GlobalSection(ProjectConfigurationPlatforms) = postSolution
		{64F88A8F-0400-EB25-8016-02C81E5C5E87}.Debug|Any CPU.ActiveCfg = Debug|Any CPU
		{64F88A8F-0400-EB25-8016-02C81E5C5E87}.Debug|Any CPU.Build.0 = Debug|Any CPU
		{64F88A8F-0400-EB25-8016-02C81E5C5E87}.Release|Any CPU.ActiveCfg = Release|Any CPU
		{64F88A8F-0400-EB25-8016-02C81E5C5E87}.Release|Any CPU.Build.0 = Release|Any CPU
	EndGlobalSection
	GlobalSection(SolutionProperties) = preSolution
		HideSolutionNode = FALSE
	EndGlobalSection
EndGlobal
